github.com/Konstantin8105/DDoS v0.0.0-20190217121645-5cb204463537 h1:z2wkqbiqe4g6vC3MOy1dUnbIAZlY/frQD7BOERbKGMc=
github.com/Konstantin8105/DDoS v0.0.0-20190217121645-5cb204463537/go.mod h1:O/Nyo/1BxeOtUerddyzH/s8gpBhXRArISTjxyAyIGYw=
github.com/Konstantin8105/FreePort v0.0.0-20170920080630-ee2c5b53b80f h1:NBa52AK2gME+ualQqw7yw6nZyWlDGW2rzVAif6ijmqA=
github.com/Konstantin8105/FreePort v0.0.0-20170920080630-ee2c5b53b80f/go.mod h1:h8/TNMWvpq2IL6UJC414yUVKf+iuml0a87iVm+q8404=
github.com/davecgh/go-spew v1.1.1/go.mod h1:J7Y8YcW2NihsgmVo/mv3lAwl/skON4iLHjSsI+c5H38=
github.com/gorilla/mux v1.8.0 h1:i40aqfkR1h2SlN9hojwV5ZA91wcXFOvkdNIeFDP5koI=
github.com/gorilla/mux v1.8.0/go.mod h1:DVbg23sWSpFRCP0SfiEN6jmj59UnW/n46BH5rLB71So=
github.com/gorilla/securecookie v1.1.1 h1:miw7JPhV+b/lAHSXz4qd/nN9jRiAFV5FwjeKyCS8BvQ=
github.com/gorilla/securecookie v1.1.1/go.mod h1:ra0sb63/xPlUeL+yeDciTfxMRAA+MP+HVt/4epWDjd4=
github.com/pmezard/go-difflib v1.0.0/go.mod h1:iKH77koFhYxTK1pcRnkKkqfTogsbg7gZNVY4sRDYZ/4=
github.com/sirupsen/logrus v1.8.1 h1:dJKuHgqk1NNQlqoA6BTlM1Wf9DOH3NBjQyu0h9+AZZE=
github.com/sirupsen/logrus v1.8.1/go.mod h1:yWOB1SBYBC5VeMP7gHvWumXLIWorT60ONWic61uBYv0=
github.com/stretchr/testify v1.2.2/go.mod h1:a8OnRcib4nhh0OaRAV+Yts87kKdq0PP7pXfy6kDkUVs=
golang.org/x/sys v0.0.0-20191026070338-33540a1f6037 h1:YyJpGZS1sBuBCzLAR1VEpK193GlqGZbnPFnPV/5Rsb4=
golang.org/x/sys v0.0.0-20191026070338-33540a1f6037/go.mod h1:h1NjWce9XRLGQEsW7wpKNCjG9DtNlClVuFLEZdDNbEs=
